
Microsoft Visual Studio Solution File, Format Version 12.00
# Visual Studio Version 17
VisualStudioVersion = 17.1.32328.378
MinimumVisualStudioVersion = 10.0.40219.1
Project("{FAE04EC0-301F-11D3-BF4B-00C04F79EFBC}") = "AsalSayıProje", "AsalSayıProje.csproj", "{F3DAE09B-10CA-48F9-A067-3BE22BE90AEA}"
EndProject
Global
	GlobalSection(SolutionConfigurationPlatforms) = preSolution
		Debug|Any CPU = Debug|Any CPU
		Release|Any CPU = Release|Any CPU
	EndGlobalSection
	GlobalSection(ProjectConfigurationPlatforms) = postSolution
		{F3DAE09B-10CA-48F9-A067-3BE22BE90AEA}.Debug|Any CPU.ActiveCfg = Debug|Any CPU
		{F3DAE09B-10CA-48F9-A067-3BE22BE90AEA}.Debug|Any CPU.Build.0 = Debug|Any CPU
		{F3DAE09B-10CA-48F9-A067-3BE22BE90AEA}.Release|Any CPU.ActiveCfg = Release|Any CPU
		{F3DAE09B-10CA-48F9-A067-3BE22BE90AEA}.Release|Any CPU.Build.0 = Release|Any CPU
	EndGlobalSection
	GlobalSection(SolutionProperties) = preSolution
		HideSolutionNode = FALSE
	EndGlobalSection
	GlobalSection(ExtensibilityGlobals) = postSolution
		SolutionGuid = {12ED1D5D-8975-482F-A1AA-816F0D3830F9}
	EndGlobalSection
EndGlobal
